// !$*UTF8*$!
{
	archiveVersion = 1;
	classes = {
	};
	objectVersion = 54;
	objects = {

/* Begin PBXBuildFile section */
		843A71B724E10FFE003EFCCD /* LICENSE in Resources */ = {isa = PBXBuildFile; fileRef = 843A71B624E10FFE003EFCCD /* LICENSE */; };
		8441E2682513C9B90073249F /* ListMenuView.swift in Sources */ = {isa = PBXBuildFile; fileRef = 8441E2672513C9B90073249F /* ListMenuView.swift */; };
		8448D6A5251737C900CB4B62 /* OptionsMenuView.swift in Sources */ = {isa = PBXBuildFile; fileRef = 8448D6A4251737C900CB4B62 /* OptionsMenuView.swift */; };
		845ECF9C251654FA008ED393 /* WatchGarageDoorApp.swift in Sources */ = {isa = PBXBuildFile; fileRef = 845ECF9B251654FA008ED393 /* WatchGarageDoorApp.swift */; };
		84A54420247BBEF00029AA02 /* WatchGarageDoor WatchKit App.app in Embed Watch Content */ = {isa = PBXBuildFile; fileRef = 84A5441F247BBEF00029AA02 /* WatchGarageDoor WatchKit App.app */; settings = {ATTRIBUTES = (RemoveHeadersOnCopy, ); }; };
		84A54426247BBEF00029AA02 /* Interface.storyboard in Resources */ = {isa = PBXBuildFile; fileRef = 84A54424247BBEF00029AA02 /* Interface.storyboard */; };
		84A54428247BBEF10029AA02 /* Assets.xcassets in Resources */ = {isa = PBXBuildFile; fileRef = 84A54427247BBEF10029AA02 /* Assets.xcassets */; };
		84A5442F247BBEF10029AA02 /* WatchGarageDoor WatchKit Extension.appex in Embed App Extensions */ = {isa = PBXBuildFile; fileRef = 84A5442E247BBEF10029AA02 /* WatchGarageDoor WatchKit Extension.appex */; settings = {ATTRIBUTES = (RemoveHeadersOnCopy, ); }; };
		84A54438247BBEF10029AA02 /* ExtensionDelegate.swift in Sources */ = {isa = PBXBuildFile; fileRef = 84A54437247BBEF10029AA02 /* ExtensionDelegate.swift */; };
		84A5443E247BBEF10029AA02 /* Assets.xcassets in Resources */ = {isa = PBXBuildFile; fileRef = 84A5443D247BBEF10029AA02 /* Assets.xcassets */; };
		84A54441247BBEF10029AA02 /* Preview Assets.xcassets in Resources */ = {isa = PBXBuildFile; fileRef = 84A54440247BBEF10029AA02 /* Preview Assets.xcassets */; };
		84A54457247BC10E0029AA02 /* Utility.swift in Sources */ = {isa = PBXBuildFile; fileRef = 84A54455247BC10E0029AA02 /* Utility.swift */; };
		84A5445B247BC1200029AA02 /* ServiceError.swift in Sources */ = {isa = PBXBuildFile; fileRef = 84A54459247BC1200029AA02 /* ServiceError.swift */; };
		84A5445C247BC1200029AA02 /* WebService.swift in Sources */ = {isa = PBXBuildFile; fileRef = 84A5445A247BC1200029AA02 /* WebService.swift */; };
		84A54469247BC17C0029AA02 /* GarageDoorStatus.swift in Sources */ = {isa = PBXBuildFile; fileRef = 84A5445D247BC17B0029AA02 /* GarageDoorStatus.swift */; };
		84A5446A247BC17C0029AA02 /* LogStore.swift in Sources */ = {isa = PBXBuildFile; fileRef = 84A5445E247BC17C0029AA02 /* LogStore.swift */; };
		84A5446B247BC17C0029AA02 /* StatusStore.swift in Sources */ = {isa = PBXBuildFile; fileRef = 84A5445F247BC17C0029AA02 /* StatusStore.swift */; };
		84A5446C247BC17C0029AA02 /* Model.swift in Sources */ = {isa = PBXBuildFile; fileRef = 84A54460247BC17C0029AA02 /* Model.swift */; };
		84A5446D247BC17C0029AA02 /* DeviceModel.swift in Sources */ = {isa = PBXBuildFile; fileRef = 84A54461247BC17C0029AA02 /* DeviceModel.swift */; };
		84A5446E247BC17C0029AA02 /* Config.swift in Sources */ = {isa = PBXBuildFile; fileRef = 84A54462247BC17C0029AA02 /* Config.swift */; };
		84A5446F247BC17C0029AA02 /* Configuration.swift in Sources */ = {isa = PBXBuildFile; fileRef = 84A54463247BC17C0029AA02 /* Configuration.swift */; };
		84A54470247BC17D0029AA02 /* GarageDoorLog.swift in Sources */ = {isa = PBXBuildFile; fileRef = 84A54464247BC17C0029AA02 /* GarageDoorLog.swift */; };
		84A54471247BC17D0029AA02 /* OptionsStore.swift in Sources */ = {isa = PBXBuildFile; fileRef = 84A54465247BC17C0029AA02 /* OptionsStore.swift */; };
		84A54472247BC17D0029AA02 /* GarageDoorOptions.swift in Sources */ = {isa = PBXBuildFile; fileRef = 84A54466247BC17C0029AA02 /* GarageDoorOptions.swift */; };
		84A54473247BC17D0029AA02 /* ResultModel.swift in Sources */ = {isa = PBXBuildFile; fileRef = 84A54467247BC17C0029AA02 /* ResultModel.swift */; };
		84A54474247BC17D0029AA02 /* Controller.swift in Sources */ = {isa = PBXBuildFile; fileRef = 84A54468247BC17C0029AA02 /* Controller.swift */; };
		84A54482247BC1F50029AA02 /* StatusView.swift in Sources */ = {isa = PBXBuildFile; fileRef = 84A54476247BC1F40029AA02 /* StatusView.swift */; };
		84A54483247BC1F50029AA02 /* OptionsView.swift in Sources */ = {isa = PBXBuildFile; fileRef = 84A54477247BC1F40029AA02 /* OptionsView.swift */; };
		84A54484247BC1F50029AA02 /* DeviceListView.swift in Sources */ = {isa = PBXBuildFile; fileRef = 84A54478247BC1F40029AA02 /* DeviceListView.swift */; };
		84A54487247BC1F50029AA02 /* SignalStrengthView.swift in Sources */ = {isa = PBXBuildFile; fileRef = 84A5447B247BC1F50029AA02 /* SignalStrengthView.swift */; };
		84A54489247BC1F50029AA02 /* DoorView.swift in Sources */ = {isa = PBXBuildFile; fileRef = 84A5447D247BC1F50029AA02 /* DoorView.swift */; };
		84A5448A247BC1F50029AA02 /* InfoView.swift in Sources */ = {isa = PBXBuildFile; fileRef = 84A5447E247BC1F50029AA02 /* InfoView.swift */; };
		84A5448B247BC1F50029AA02 /* ContentView.swift in Sources */ = {isa = PBXBuildFile; fileRef = 84A5447F247BC1F50029AA02 /* ContentView.swift */; };
		84A5448C247BC1F50029AA02 /* AboutView.swift in Sources */ = {isa = PBXBuildFile; fileRef = 84A54480247BC1F50029AA02 /* AboutView.swift */; };
		84A5448D247BC1F50029AA02 /* EditView.swift in Sources */ = {isa = PBXBuildFile; fileRef = 84A54481247BC1F50029AA02 /* EditView.swift */; };
		84A5448F247BC8790029AA02 /* Extensions.swift in Sources */ = {isa = PBXBuildFile; fileRef = 84A5448E247BC8790029AA02 /* Extensions.swift */; };
		84D5701B24E1299D009A49DB /* FieldValidator in Frameworks */ = {isa = PBXBuildFile; productRef = 84D5701A24E1299D009A49DB /* FieldValidator */; };
/* End PBXBuildFile section */

/* Begin PBXContainerItemProxy section */
		84A54421247BBEF00029AA02 /* PBXContainerItemProxy */ = {
			isa = PBXContainerItemProxy;
			containerPortal = 84A54415247BBEF00029AA02 /* Project object */;
			proxyType = 1;
			remoteGlobalIDString = 84A5441E247BBEF00029AA02;
			remoteInfo = "WatchGarageDoor WatchKit App";
		};
		84A54430247BBEF10029AA02 /* PBXContainerItemProxy */ = {
			isa = PBXContainerItemProxy;
			containerPortal = 84A54415247BBEF00029AA02 /* Project object */;
			proxyType = 1;
			remoteGlobalIDString = 84A5442D247BBEF10029AA02;
			remoteInfo = "WatchGarageDoor WatchKit Extension";
		};
/* End PBXContainerItemProxy section */

/* Begin PBXCopyFilesBuildPhase section */
		84A54449247BBEF10029AA02 /* Embed App Extensions */ = {
			isa = PBXCopyFilesBuildPhase;
			buildActionMask = 2147483647;
			dstPath = "";
			dstSubfolderSpec = 13;
			files = (
				84A5442F247BBEF10029AA02 /* WatchGarageDoor WatchKit Extension.appex in Embed App Extensions */,
			);
			name = "Embed App Extensions";
			runOnlyForDeploymentPostprocessing = 0;
		};
		84A5444D247BBEF10029AA02 /* Embed Watch Content */ = {
			isa = PBXCopyFilesBuildPhase;
			buildActionMask = 2147483647;
			dstPath = "$(CONTENTS_FOLDER_PATH)/Watch";
			dstSubfolderSpec = 16;
			files = (
				84A54420247BBEF00029AA02 /* WatchGarageDoor WatchKit App.app in Embed Watch Content */,
			);
			name = "Embed Watch Content";
			runOnlyForDeploymentPostprocessing = 0;
		};
/* End PBXCopyFilesBuildPhase section */

/* Begin PBXFileReference section */
		843A71B624E10FFE003EFCCD /* LICENSE */ = {isa = PBXFileReference; fileEncoding = 4; lastKnownFileType = text; path = LICENSE; sourceTree = "<group>"; };
		8441E2672513C9B90073249F /* ListMenuView.swift */ = {isa = PBXFileReference; lastKnownFileType = sourcecode.swift; path = ListMenuView.swift; sourceTree = "<group>"; };
		8448D6A4251737C900CB4B62 /* OptionsMenuView.swift */ = {isa = PBXFileReference; lastKnownFileType = sourcecode.swift; path = OptionsMenuView.swift; sourceTree = "<group>"; };
		845ECF9B251654FA008ED393 /* WatchGarageDoorApp.swift */ = {isa = PBXFileReference; lastKnownFileType = sourcecode.swift; path = WatchGarageDoorApp.swift; sourceTree = "<group>"; };
		848F070324DFFF9C00B9A9A5 /* README.md */ = {isa = PBXFileReference; lastKnownFileType = net.daringfireball.markdown; path = README.md; sourceTree = "<group>"; };
		84A5441B247BBEF00029AA02 /* WatchGarageDoor.app */ = {isa = PBXFileReference; explicitFileType = wrapper.application; includeInIndex = 0; path = WatchGarageDoor.app; sourceTree = BUILT_PRODUCTS_DIR; };
		84A5441F247BBEF00029AA02 /* WatchGarageDoor WatchKit App.app */ = {isa = PBXFileReference; explicitFileType = wrapper.application; includeInIndex = 0; path = "WatchGarageDoor WatchKit App.app"; sourceTree = BUILT_PRODUCTS_DIR; };
		84A54425247BBEF00029AA02 /* Base */ = {isa = PBXFileReference; lastKnownFileType = file.storyboard; name = Base; path = Base.lproj/Interface.storyboard; sourceTree = "<group>"; };
		84A54427247BBEF10029AA02 /* Assets.xcassets */ = {isa = PBXFileReference; lastKnownFileType = folder.assetcatalog; path = Assets.xcassets; sourceTree = "<group>"; };
		84A54429247BBEF10029AA02 /* Info.plist */ = {isa = PBXFileReference; lastKnownFileType = text.plist.xml; path = Info.plist; sourceTree = "<group>"; };
		84A5442E247BBEF10029AA02 /* WatchGarageDoor WatchKit Extension.appex */ = {isa = PBXFileReference; explicitFileType = "wrapper.app-extension"; includeInIndex = 0; path = "WatchGarageDoor WatchKit Extension.appex"; sourceTree = BUILT_PRODUCTS_DIR; };
		84A54437247BBEF10029AA02 /* ExtensionDelegate.swift */ = {isa = PBXFileReference; lastKnownFileType = sourcecode.swift; path = ExtensionDelegate.swift; sourceTree = "<group>"; };
		84A5443D247BBEF10029AA02 /* Assets.xcassets */ = {isa = PBXFileReference; lastKnownFileType = folder.assetcatalog; path = Assets.xcassets; sourceTree = "<group>"; };
		84A54440247BBEF10029AA02 /* Preview Assets.xcassets */ = {isa = PBXFileReference; lastKnownFileType = folder.assetcatalog; path = "Preview Assets.xcassets"; sourceTree = "<group>"; };
		84A54442247BBEF10029AA02 /* Info.plist */ = {isa = PBXFileReference; lastKnownFileType = text.plist.xml; path = Info.plist; sourceTree = "<group>"; };
		84A54455247BC10E0029AA02 /* Utility.swift */ = {isa = PBXFileReference; fileEncoding = 4; lastKnownFileType = sourcecode.swift; path = Utility.swift; sourceTree = "<group>"; };
		84A54459247BC1200029AA02 /* ServiceError.swift */ = {isa = PBXFileReference; fileEncoding = 4; lastKnownFileType = sourcecode.swift; path = ServiceError.swift; sourceTree = "<group>"; };
		84A5445A247BC1200029AA02 /* WebService.swift */ = {isa = PBXFileReference; fileEncoding = 4; lastKnownFileType = sourcecode.swift; path = WebService.swift; sourceTree = "<group>"; };
		84A5445D247BC17B0029AA02 /* GarageDoorStatus.swift */ = {isa = PBXFileReference; fileEncoding = 4; lastKnownFileType = sourcecode.swift; path = GarageDoorStatus.swift; sourceTree = "<group>"; };
		84A5445E247BC17C0029AA02 /* LogStore.swift */ = {isa = PBXFileReference; fileEncoding = 4; lastKnownFileType = sourcecode.swift; path = LogStore.swift; sourceTree = "<group>"; };
		84A5445F247BC17C0029AA02 /* StatusStore.swift */ = {isa = PBXFileReference; fileEncoding = 4; lastKnownFileType = sourcecode.swift; path = StatusStore.swift; sourceTree = "<group>"; };
		84A54460247BC17C0029AA02 /* Model.swift */ = {isa = PBXFileReference; fileEncoding = 4; lastKnownFileType = sourcecode.swift; path = Model.swift; sourceTree = "<group>"; };
		84A54461247BC17C0029AA02 /* DeviceModel.swift */ = {isa = PBXFileReference; fileEncoding = 4; lastKnownFileType = sourcecode.swift; path = DeviceModel.swift; sourceTree = "<group>"; };
		84A54462247BC17C0029AA02 /* Config.swift */ = {isa = PBXFileReference; fileEncoding = 4; lastKnownFileType = sourcecode.swift; path = Config.swift; sourceTree = "<group>"; };
		84A54463247BC17C0029AA02 /* Configuration.swift */ = {isa = PBXFileReference; fileEncoding = 4; lastKnownFileType = sourcecode.swift; path = Configuration.swift; sourceTree = "<group>"; };
		84A54464247BC17C0029AA02 /* GarageDoorLog.swift */ = {isa = PBXFileReference; fileEncoding = 4; lastKnownFileType = sourcecode.swift; path = GarageDoorLog.swift; sourceTree = "<group>"; };
		84A54465247BC17C0029AA02 /* OptionsStore.swift */ = {isa = PBXFileReference; fileEncoding = 4; lastKnownFileType = sourcecode.swift; path = OptionsStore.swift; sourceTree = "<group>"; };
		84A54466247BC17C0029AA02 /* GarageDoorOptions.swift */ = {isa = PBXFileReference; fileEncoding = 4; lastKnownFileType = sourcecode.swift; path = GarageDoorOptions.swift; sourceTree = "<group>"; };
		84A54467247BC17C0029AA02 /* ResultModel.swift */ = {isa = PBXFileReference; fileEncoding = 4; lastKnownFileType = sourcecode.swift; path = ResultModel.swift; sourceTree = "<group>"; };
		84A54468247BC17C0029AA02 /* Controller.swift */ = {isa = PBXFileReference; fileEncoding = 4; lastKnownFileType = sourcecode.swift; path = Controller.swift; sourceTree = "<group>"; };
		84A54476247BC1F40029AA02 /* StatusView.swift */ = {isa = PBXFileReference; fileEncoding = 4; lastKnownFileType = sourcecode.swift; path = StatusView.swift; sourceTree = "<group>"; };
		84A54477247BC1F40029AA02 /* OptionsView.swift */ = {isa = PBXFileReference; fileEncoding = 4; lastKnownFileType = sourcecode.swift; path = OptionsView.swift; sourceTree = "<group>"; };
		84A54478247BC1F40029AA02 /* DeviceListView.swift */ = {isa = PBXFileReference; fileEncoding = 4; lastKnownFileType = sourcecode.swift; path = DeviceListView.swift; sourceTree = "<group>"; };
		84A5447B247BC1F50029AA02 /* SignalStrengthView.swift */ = {isa = PBXFileReference; fileEncoding = 4; lastKnownFileType = sourcecode.swift; path = SignalStrengthView.swift; sourceTree = "<group>"; };
		84A5447D247BC1F50029AA02 /* DoorView.swift */ = {isa = PBXFileReference; fileEncoding = 4; lastKnownFileType = sourcecode.swift; path = DoorView.swift; sourceTree = "<group>"; };
		84A5447E247BC1F50029AA02 /* InfoView.swift */ = {isa = PBXFileReference; fileEncoding = 4; lastKnownFileType = sourcecode.swift; path = InfoView.swift; sourceTree = "<group>"; };
		84A5447F247BC1F50029AA02 /* ContentView.swift */ = {isa = PBXFileReference; fileEncoding = 4; lastKnownFileType = sourcecode.swift; path = ContentView.swift; sourceTree = "<group>"; };
		84A54480247BC1F50029AA02 /* AboutView.swift */ = {isa = PBXFileReference; fileEncoding = 4; lastKnownFileType = sourcecode.swift; path = AboutView.swift; sourceTree = "<group>"; };
		84A54481247BC1F50029AA02 /* EditView.swift */ = {isa = PBXFileReference; fileEncoding = 4; lastKnownFileType = sourcecode.swift; path = EditView.swift; sourceTree = "<group>"; };
		84A5448E247BC8790029AA02 /* Extensions.swift */ = {isa = PBXFileReference; fileEncoding = 4; lastKnownFileType = sourcecode.swift; path = Extensions.swift; sourceTree = "<group>"; };
		84D5701924E127ED009A49DB /* FieldValidator */ = {isa = PBXFileReference; lastKnownFileType = folder; path = FieldValidator; sourceTree = "<group>"; };
/* End PBXFileReference section */

/* Begin PBXFrameworksBuildPhase section */
		846ACAD424E0ADF100AFDA91 /* Frameworks */ = {
			isa = PBXFrameworksBuildPhase;
			buildActionMask = 2147483647;
			files = (
			);
			runOnlyForDeploymentPostprocessing = 0;
		};
		84A5442B247BBEF10029AA02 /* Frameworks */ = {
			isa = PBXFrameworksBuildPhase;
			buildActionMask = 2147483647;
			files = (
				84D5701B24E1299D009A49DB /* FieldValidator in Frameworks */,
			);
			runOnlyForDeploymentPostprocessing = 0;
		};
/* End PBXFrameworksBuildPhase section */

/* Begin PBXGroup section */
		84A54414247BBEF00029AA02 = {
			isa = PBXGroup;
			children = (
				84D5701924E127ED009A49DB /* FieldValidator */,
				84A54423247BBEF00029AA02 /* WatchGarageDoor WatchKit App */,
				84A54432247BBEF10029AA02 /* WatchGarageDoor WatchKit Extension */,
				84A5441C247BBEF00029AA02 /* Products */,
				848F070324DFFF9C00B9A9A5 /* README.md */,
				843A71B624E10FFE003EFCCD /* LICENSE */,
				84D5701224E125E6009A49DB /* Frameworks */,
			);
			sourceTree = "<group>";
		};
		84A5441C247BBEF00029AA02 /* Products */ = {
			isa = PBXGroup;
			children = (
				84A5441B247BBEF00029AA02 /* WatchGarageDoor.app */,
				84A5441F247BBEF00029AA02 /* WatchGarageDoor WatchKit App.app */,
				84A5442E247BBEF10029AA02 /* WatchGarageDoor WatchKit Extension.appex */,
			);
			name = Products;
			sourceTree = "<group>";
		};
		84A54423247BBEF00029AA02 /* WatchGarageDoor WatchKit App */ = {
			isa = PBXGroup;
			children = (
				84A54424247BBEF00029AA02 /* Interface.storyboard */,
				84A54427247BBEF10029AA02 /* Assets.xcassets */,
				84A54429247BBEF10029AA02 /* Info.plist */,
			);
			path = "WatchGarageDoor WatchKit App";
			sourceTree = "<group>";
		};
		84A54432247BBEF10029AA02 /* WatchGarageDoor WatchKit Extension */ = {
			isa = PBXGroup;
			children = (
				84A54451247BBF600029AA02 /* Models */,
				84A54453247BBF730029AA02 /* Services */,
				84A54452247BBF680029AA02 /* ViewModels */,
				84A54475247BC1DB0029AA02 /* Views */,
				84A54454247BC0DE0029AA02 /* Utilities */,
				84A54437247BBEF10029AA02 /* ExtensionDelegate.swift */,
				845ECF9B251654FA008ED393 /* WatchGarageDoorApp.swift */,
				84A5443D247BBEF10029AA02 /* Assets.xcassets */,
				84A54442247BBEF10029AA02 /* Info.plist */,
				84A5443F247BBEF10029AA02 /* Preview Content */,
			);
			path = "WatchGarageDoor WatchKit Extension";
			sourceTree = "<group>";
		};
		84A5443F247BBEF10029AA02 /* Preview Content */ = {
			isa = PBXGroup;
			children = (
				84A54440247BBEF10029AA02 /* Preview Assets.xcassets */,
			);
			path = "Preview Content";
			sourceTree = "<group>";
		};
		84A54451247BBF600029AA02 /* Models */ = {
			isa = PBXGroup;
			children = (
				84A54462247BC17C0029AA02 /* Config.swift */,
				84A54463247BC17C0029AA02 /* Configuration.swift */,
				84A54461247BC17C0029AA02 /* DeviceModel.swift */,
				84A54464247BC17C0029AA02 /* GarageDoorLog.swift */,
				84A54466247BC17C0029AA02 /* GarageDoorOptions.swift */,
				84A5445D247BC17B0029AA02 /* GarageDoorStatus.swift */,
				84A54460247BC17C0029AA02 /* Model.swift */,
				84A54467247BC17C0029AA02 /* ResultModel.swift */,
			);
			path = Models;
			sourceTree = "<group>";
		};
		84A54452247BBF680029AA02 /* ViewModels */ = {
			isa = PBXGroup;
			children = (
				84A5445F247BC17C0029AA02 /* StatusStore.swift */,
				84A54468247BC17C0029AA02 /* Controller.swift */,
				84A5445E247BC17C0029AA02 /* LogStore.swift */,
				84A54465247BC17C0029AA02 /* OptionsStore.swift */,
			);
			path = ViewModels;
			sourceTree = "<group>";
		};
		84A54453247BBF730029AA02 /* Services */ = {
			isa = PBXGroup;
			children = (
				84A54459247BC1200029AA02 /* ServiceError.swift */,
				84A5445A247BC1200029AA02 /* WebService.swift */,
			);
			path = Services;
			sourceTree = "<group>";
		};
		84A54454247BC0DE0029AA02 /* Utilities */ = {
			isa = PBXGroup;
			children = (
				84A5448E247BC8790029AA02 /* Extensions.swift */,
				84A54455247BC10E0029AA02 /* Utility.swift */,
			);
			path = Utilities;
			sourceTree = "<group>";
		};
		84A54475247BC1DB0029AA02 /* Views */ = {
			isa = PBXGroup;
			children = (
				84A54480247BC1F50029AA02 /* AboutView.swift */,
				84A5447F247BC1F50029AA02 /* ContentView.swift */,
				84A54478247BC1F40029AA02 /* DeviceListView.swift */,
				84A5447D247BC1F50029AA02 /* DoorView.swift */,
				8448D6A4251737C900CB4B62 /* OptionsMenuView.swift */,
				8441E2672513C9B90073249F /* ListMenuView.swift */,
				84A54481247BC1F50029AA02 /* EditView.swift */,
				84A5447E247BC1F50029AA02 /* InfoView.swift */,
				84A54477247BC1F40029AA02 /* OptionsView.swift */,
				84A5447B247BC1F50029AA02 /* SignalStrengthView.swift */,
				84A54476247BC1F40029AA02 /* StatusView.swift */,
			);
			path = Views;
			sourceTree = "<group>";
		};
		84D5701224E125E6009A49DB /* Frameworks */ = {
			isa = PBXGroup;
			children = (
			);
			name = Frameworks;
			sourceTree = "<group>";
		};
/* End PBXGroup section */

/* Begin PBXNativeTarget section */
		84A5441A247BBEF00029AA02 /* WatchGarageDoor */ = {
			isa = PBXNativeTarget;
			buildConfigurationList = 84A5444E247BBEF10029AA02 /* Build configuration list for PBXNativeTarget "WatchGarageDoor" */;
			buildPhases = (
				84A54419247BBEF00029AA02 /* Resources */,
				84A5444D247BBEF10029AA02 /* Embed Watch Content */,
			);
			buildRules = (
			);
			dependencies = (
				84A54422247BBEF00029AA02 /* PBXTargetDependency */,
			);
			name = WatchGarageDoor;
			packageProductDependencies = (
			);
			productName = WatchGarageDoor;
			productReference = 84A5441B247BBEF00029AA02 /* WatchGarageDoor.app */;
			productType = "com.apple.product-type.application.watchapp2-container";
		};
		84A5441E247BBEF00029AA02 /* WatchGarageDoor WatchKit App */ = {
			isa = PBXNativeTarget;
			buildConfigurationList = 84A5444A247BBEF10029AA02 /* Build configuration list for PBXNativeTarget "WatchGarageDoor WatchKit App" */;
			buildPhases = (
				84A5441D247BBEF00029AA02 /* Resources */,
				84A54449247BBEF10029AA02 /* Embed App Extensions */,
				846ACAD424E0ADF100AFDA91 /* Frameworks */,
			);
			buildRules = (
			);
			dependencies = (
				84A54431247BBEF10029AA02 /* PBXTargetDependency */,
			);
			name = "WatchGarageDoor WatchKit App";
			productName = "WatchGarageDoor WatchKit App";
			productReference = 84A5441F247BBEF00029AA02 /* WatchGarageDoor WatchKit App.app */;
			productType = "com.apple.product-type.application.watchapp2";
		};
		84A5442D247BBEF10029AA02 /* WatchGarageDoor WatchKit Extension */ = {
			isa = PBXNativeTarget;
			buildConfigurationList = 84A54446247BBEF10029AA02 /* Build configuration list for PBXNativeTarget "WatchGarageDoor WatchKit Extension" */;
			buildPhases = (
				84A5442A247BBEF10029AA02 /* Sources */,
				84A5442B247BBEF10029AA02 /* Frameworks */,
				84A5442C247BBEF10029AA02 /* Resources */,
			);
			buildRules = (
			);
			dependencies = (
			);
			name = "WatchGarageDoor WatchKit Extension";
			packageProductDependencies = (
				84D5701A24E1299D009A49DB /* FieldValidator */,
			);
			productName = "WatchGarageDoor WatchKit Extension";
			productReference = 84A5442E247BBEF10029AA02 /* WatchGarageDoor WatchKit Extension.appex */;
			productType = "com.apple.product-type.watchkit2-extension";
		};
/* End PBXNativeTarget section */

/* Begin PBXProject section */
		84A54415247BBEF00029AA02 /* Project object */ = {
			isa = PBXProject;
			attributes = {
				LastSwiftUpdateCheck = 1150;
				LastUpgradeCheck = 1200;
				ORGANIZATIONNAME = "Morning Glow Solutions Oy Ltd";
				TargetAttributes = {
					84A5441A247BBEF00029AA02 = {
						CreatedOnToolsVersion = 11.5;
					};
					84A5441E247BBEF00029AA02 = {
						CreatedOnToolsVersion = 11.5;
					};
					84A5442D247BBEF10029AA02 = {
						CreatedOnToolsVersion = 11.5;
					};
				};
			};
			buildConfigurationList = 84A54418247BBEF00029AA02 /* Build configuration list for PBXProject "WatchGarageDoor" */;
			compatibilityVersion = "Xcode 12.0";
			developmentRegion = en;
			hasScannedForEncodings = 0;
			knownRegions = (
				en,
				Base,
			);
			mainGroup = 84A54414247BBEF00029AA02;
			packageReferences = (
			);
			productRefGroup = 84A5441C247BBEF00029AA02 /* Products */;
			projectDirPath = "";
			projectRoot = "";
			targets = (
				84A5441A247BBEF00029AA02 /* WatchGarageDoor */,
				84A5441E247BBEF00029AA02 /* WatchGarageDoor WatchKit App */,
				84A5442D247BBEF10029AA02 /* WatchGarageDoor WatchKit Extension */,
			);
		};
/* End PBXProject section */

/* Begin PBXResourcesBuildPhase section */
		84A54419247BBEF00029AA02 /* Resources */ = {
			isa = PBXResourcesBuildPhase;
			buildActionMask = 2147483647;
			files = (
				843A71B724E10FFE003EFCCD /* LICENSE in Resources */,
			);
			runOnlyForDeploymentPostprocessing = 0;
		};
		84A5441D247BBEF00029AA02 /* Resources */ = {
			isa = PBXResourcesBuildPhase;
			buildActionMask = 2147483647;
			files = (
				84A54428247BBEF10029AA02 /* Assets.xcassets in Resources */,
				84A54426247BBEF00029AA02 /* Interface.storyboard in Resources */,
			);
			runOnlyForDeploymentPostprocessing = 0;
		};
		84A5442C247BBEF10029AA02 /* Resources */ = {
			isa = PBXResourcesBuildPhase;
			buildActionMask = 2147483647;
			files = (
				84A54441247BBEF10029AA02 /* Preview Assets.xcassets in Resources */,
				84A5443E247BBEF10029AA02 /* Assets.xcassets in Resources */,
			);
			runOnlyForDeploymentPostprocessing = 0;
		};
/* End PBXResourcesBuildPhase section */

/* Begin PBXSourcesBuildPhase section */
		84A5442A247BBEF10029AA02 /* Sources */ = {
			isa = PBXSourcesBuildPhase;
			buildActionMask = 2147483647;
			files = (
				845ECF9C251654FA008ED393 /* WatchGarageDoorApp.swift in Sources */,
				84A54484247BC1F50029AA02 /* DeviceListView.swift in Sources */,
				84A5448C247BC1F50029AA02 /* AboutView.swift in Sources */,
				84A54469247BC17C0029AA02 /* GarageDoorStatus.swift in Sources */,
				84A5445C247BC1200029AA02 /* WebService.swift in Sources */,
				84A5446E247BC17C0029AA02 /* Config.swift in Sources */,
				84A5446A247BC17C0029AA02 /* LogStore.swift in Sources */,
				84A5445B247BC1200029AA02 /* ServiceError.swift in Sources */,
				84A54472247BC17D0029AA02 /* GarageDoorOptions.swift in Sources */,
				84A5448D247BC1F50029AA02 /* EditView.swift in Sources */,
				84A5448A247BC1F50029AA02 /* InfoView.swift in Sources */,
				84A54474247BC17D0029AA02 /* Controller.swift in Sources */,
				8448D6A5251737C900CB4B62 /* OptionsMenuView.swift in Sources */,
				84A5446F247BC17C0029AA02 /* Configuration.swift in Sources */,
				84A54473247BC17D0029AA02 /* ResultModel.swift in Sources */,
				84A5446C247BC17C0029AA02 /* Model.swift in Sources */,
				84A54482247BC1F50029AA02 /* StatusView.swift in Sources */,
				84A54457247BC10E0029AA02 /* Utility.swift in Sources */,
				84A54489247BC1F50029AA02 /* DoorView.swift in Sources */,
				84A5448F247BC8790029AA02 /* Extensions.swift in Sources */,
				84A54471247BC17D0029AA02 /* OptionsStore.swift in Sources */,
				84A54470247BC17D0029AA02 /* GarageDoorLog.swift in Sources */,
				8441E2682513C9B90073249F /* ListMenuView.swift in Sources */,
				84A5446D247BC17C0029AA02 /* DeviceModel.swift in Sources */,
				84A54438247BBEF10029AA02 /* ExtensionDelegate.swift in Sources */,
				84A54487247BC1F50029AA02 /* SignalStrengthView.swift in Sources */,
				84A5446B247BC17C0029AA02 /* StatusStore.swift in Sources */,
				84A5448B247BC1F50029AA02 /* ContentView.swift in Sources */,
				84A54483247BC1F50029AA02 /* OptionsView.swift in Sources */,
			);
			runOnlyForDeploymentPostprocessing = 0;
		};
/* End PBXSourcesBuildPhase section */

/* Begin PBXTargetDependency section */
		84A54422247BBEF00029AA02 /* PBXTargetDependency */ = {
			isa = PBXTargetDependency;
			target = 84A5441E247BBEF00029AA02 /* WatchGarageDoor WatchKit App */;
			targetProxy = 84A54421247BBEF00029AA02 /* PBXContainerItemProxy */;
		};
		84A54431247BBEF10029AA02 /* PBXTargetDependency */ = {
			isa = PBXTargetDependency;
			target = 84A5442D247BBEF10029AA02 /* WatchGarageDoor WatchKit Extension */;
			targetProxy = 84A54430247BBEF10029AA02 /* PBXContainerItemProxy */;
		};
/* End PBXTargetDependency section */

/* Begin PBXVariantGroup section */
		84A54424247BBEF00029AA02 /* Interface.storyboard */ = {
			isa = PBXVariantGroup;
			children = (
				84A54425247BBEF00029AA02 /* Base */,
			);
			name = Interface.storyboard;
			sourceTree = "<group>";
		};
/* End PBXVariantGroup section */

/* Begin XCBuildConfiguration section */
		84A54444247BBEF10029AA02 /* Debug */ = {
			isa = XCBuildConfiguration;
			buildSettings = {
				ALWAYS_SEARCH_USER_PATHS = NO;
				CLANG_ANALYZER_NONNULL = YES;
				CLANG_ANALYZER_NUMBER_OBJECT_CONVERSION = YES_AGGRESSIVE;
				CLANG_CXX_LANGUAGE_STANDARD = "gnu++14";
				CLANG_CXX_LIBRARY = "libc++";
				CLANG_ENABLE_MODULES = YES;
				CLANG_ENABLE_OBJC_ARC = YES;
				CLANG_ENABLE_OBJC_WEAK = YES;
				CLANG_WARN_BLOCK_CAPTURE_AUTORELEASING = YES;
				CLANG_WARN_BOOL_CONVERSION = YES;
				CLANG_WARN_COMMA = YES;
				CLANG_WARN_CONSTANT_CONVERSION = YES;
				CLANG_WARN_DEPRECATED_OBJC_IMPLEMENTATIONS = YES;
				CLANG_WARN_DIRECT_OBJC_ISA_USAGE = YES_ERROR;
				CLANG_WARN_DOCUMENTATION_COMMENTS = YES;
				CLANG_WARN_EMPTY_BODY = YES;
				CLANG_WARN_ENUM_CONVERSION = YES;
				CLANG_WARN_INFINITE_RECURSION = YES;
				CLANG_WARN_INT_CONVERSION = YES;
				CLANG_WARN_NON_LITERAL_NULL_CONVERSION = YES;
				CLANG_WARN_OBJC_IMPLICIT_RETAIN_SELF = YES;
				CLANG_WARN_OBJC_LITERAL_CONVERSION = YES;
				CLANG_WARN_OBJC_ROOT_CLASS = YES_ERROR;
				CLANG_WARN_QUOTED_INCLUDE_IN_FRAMEWORK_HEADER = YES;
				CLANG_WARN_RANGE_LOOP_ANALYSIS = YES;
				CLANG_WARN_STRICT_PROTOTYPES = YES;
				CLANG_WARN_SUSPICIOUS_MOVE = YES;
				CLANG_WARN_UNGUARDED_AVAILABILITY = YES_AGGRESSIVE;
				CLANG_WARN_UNREACHABLE_CODE = YES;
				CLANG_WARN__DUPLICATE_METHOD_MATCH = YES;
				COPY_PHASE_STRIP = NO;
				DEBUG_INFORMATION_FORMAT = dwarf;
				ENABLE_STRICT_OBJC_MSGSEND = YES;
				ENABLE_TESTABILITY = YES;
				GCC_C_LANGUAGE_STANDARD = gnu11;
				GCC_DYNAMIC_NO_PIC = NO;
				GCC_NO_COMMON_BLOCKS = YES;
				GCC_OPTIMIZATION_LEVEL = 0;
				GCC_PREPROCESSOR_DEFINITIONS = (
					"DEBUG=1",
					"$(inherited)",
				);
				GCC_WARN_64_TO_32_BIT_CONVERSION = YES;
				GCC_WARN_ABOUT_RETURN_TYPE = YES_ERROR;
				GCC_WARN_UNDECLARED_SELECTOR = YES;
				GCC_WARN_UNINITIALIZED_AUTOS = YES_AGGRESSIVE;
				GCC_WARN_UNUSED_FUNCTION = YES;
				GCC_WARN_UNUSED_VARIABLE = YES;
				IPHONEOS_DEPLOYMENT_TARGET = 13.5;
				MTL_ENABLE_DEBUG_INFO = INCLUDE_SOURCE;
				MTL_FAST_MATH = YES;
				ONLY_ACTIVE_ARCH = YES;
				SDKROOT = iphoneos;
				SWIFT_ACTIVE_COMPILATION_CONDITIONS = DEBUG;
				SWIFT_OPTIMIZATION_LEVEL = "-Onone";
			};
			name = Debug;
		};
		84A54445247BBEF10029AA02 /* Release */ = {
			isa = XCBuildConfiguration;
			buildSettings = {
				ALWAYS_SEARCH_USER_PATHS = NO;
				CLANG_ANALYZER_NONNULL = YES;
				CLANG_ANALYZER_NUMBER_OBJECT_CONVERSION = YES_AGGRESSIVE;
				CLANG_CXX_LANGUAGE_STANDARD = "gnu++14";
				CLANG_CXX_LIBRARY = "libc++";
				CLANG_ENABLE_MODULES = YES;
				CLANG_ENABLE_OBJC_ARC = YES;
				CLANG_ENABLE_OBJC_WEAK = YES;
				CLANG_WARN_BLOCK_CAPTURE_AUTORELEASING = YES;
				CLANG_WARN_BOOL_CONVERSION = YES;
				CLANG_WARN_COMMA = YES;
				CLANG_WARN_CONSTANT_CONVERSION = YES;
				CLANG_WARN_DEPRECATED_OBJC_IMPLEMENTATIONS = YES;
				CLANG_WARN_DIRECT_OBJC_ISA_USAGE = YES_ERROR;
				CLANG_WARN_DOCUMENTATION_COMMENTS = YES;
				CLANG_WARN_EMPTY_BODY = YES;
				CLANG_WARN_ENUM_CONVERSION = YES;
				CLANG_WARN_INFINITE_RECURSION = YES;
				CLANG_WARN_INT_CONVERSION = YES;
				CLANG_WARN_NON_LITERAL_NULL_CONVERSION = YES;
				CLANG_WARN_OBJC_IMPLICIT_RETAIN_SELF = YES;
				CLANG_WARN_OBJC_LITERAL_CONVERSION = YES;
				CLANG_WARN_OBJC_ROOT_CLASS = YES_ERROR;
				CLANG_WARN_QUOTED_INCLUDE_IN_FRAMEWORK_HEADER = YES;
				CLANG_WARN_RANGE_LOOP_ANALYSIS = YES;
				CLANG_WARN_STRICT_PROTOTYPES = YES;
				CLANG_WARN_SUSPICIOUS_MOVE = YES;
				CLANG_WARN_UNGUARDED_AVAILABILITY = YES_AGGRESSIVE;
				CLANG_WARN_UNREACHABLE_CODE = YES;
				CLANG_WARN__DUPLICATE_METHOD_MATCH = YES;
				COPY_PHASE_STRIP = NO;
				DEBUG_INFORMATION_FORMAT = "dwarf-with-dsym";
				ENABLE_NS_ASSERTIONS = NO;
				ENABLE_STRICT_OBJC_MSGSEND = YES;
				GCC_C_LANGUAGE_STANDARD = gnu11;
				GCC_NO_COMMON_BLOCKS = YES;
				GCC_WARN_64_TO_32_BIT_CONVERSION = YES;
				GCC_WARN_ABOUT_RETURN_TYPE = YES_ERROR;
				GCC_WARN_UNDECLARED_SELECTOR = YES;
				GCC_WARN_UNINITIALIZED_AUTOS = YES_AGGRESSIVE;
				GCC_WARN_UNUSED_FUNCTION = YES;
				GCC_WARN_UNUSED_VARIABLE = YES;
				IPHONEOS_DEPLOYMENT_TARGET = 13.5;
				MTL_ENABLE_DEBUG_INFO = NO;
				MTL_FAST_MATH = YES;
				SDKROOT = iphoneos;
				SWIFT_COMPILATION_MODE = wholemodule;
				SWIFT_OPTIMIZATION_LEVEL = "-O";
				VALIDATE_PRODUCT = YES;
			};
			name = Release;
		};
		84A54447247BBEF10029AA02 /* Debug */ = {
			isa = XCBuildConfiguration;
			buildSettings = {
				ASSETCATALOG_COMPILER_COMPLICATION_NAME = Complication;
				CODE_SIGN_STYLE = Automatic;
				CURRENT_PROJECT_VERSION = 3;
				DEVELOPMENT_ASSET_PATHS = "\"WatchGarageDoor WatchKit Extension/Preview Content\"";
				DEVELOPMENT_TEAM = 2BF6XWF3PY;
				ENABLE_PREVIEWS = YES;
				INFOPLIST_FILE = "WatchGarageDoor WatchKit Extension/Info.plist";
				LD_RUNPATH_SEARCH_PATHS = (
					"$(inherited)",
					"@executable_path/Frameworks",
					"@executable_path/../../Frameworks",
				);
				MARKETING_VERSION = 1.1.0;
				PRODUCT_BUNDLE_IDENTIFIER = com.mgsoy.WatchGarageDoor.watchkitapp.watchkitextension;
				PRODUCT_NAME = "WatchGarageDoor WatchKit Extension";
				SDKROOT = watchos;
				SKIP_INSTALL = YES;
				SWIFT_VERSION = 5.0;
				TARGETED_DEVICE_FAMILY = 4;
				WATCHOS_DEPLOYMENT_TARGET = 7.0;
			};
			name = Debug;
		};
		84A54448247BBEF10029AA02 /* Release */ = {
			isa = XCBuildConfiguration;
			buildSettings = {
				ASSETCATALOG_COMPILER_COMPLICATION_NAME = Complication;
				CODE_SIGN_IDENTITY = "Apple Development";
				CODE_SIGN_STYLE = Automatic;
				CURRENT_PROJECT_VERSION = 3;
				DEVELOPMENT_ASSET_PATHS = "\"WatchGarageDoor WatchKit Extension/Preview Content\"";
				DEVELOPMENT_TEAM = 2BF6XWF3PY;
				ENABLE_PREVIEWS = YES;
				INFOPLIST_FILE = "WatchGarageDoor WatchKit Extension/Info.plist";
				LD_RUNPATH_SEARCH_PATHS = (
					"$(inherited)",
					"@executable_path/Frameworks",
					"@executable_path/../../Frameworks",
				);
				MARKETING_VERSION = 1.1.0;
				PRODUCT_BUNDLE_IDENTIFIER = com.mgsoy.WatchGarageDoor.watchkitapp.watchkitextension;
				PRODUCT_NAME = "WatchGarageDoor WatchKit Extension";
				PROVISIONING_PROFILE_SPECIFIER = "";
				SDKROOT = watchos;
				SKIP_INSTALL = YES;
				SWIFT_VERSION = 5.0;
				TARGETED_DEVICE_FAMILY = 4;
				WATCHOS_DEPLOYMENT_TARGET = 7.0;
			};
			name = Release;
		};
		84A5444B247BBEF10029AA02 /* Debug */ = {
			isa = XCBuildConfiguration;
			buildSettings = {
				ALWAYS_EMBED_SWIFT_STANDARD_LIBRARIES = YES;
				ASSETCATALOG_COMPILER_APPICON_NAME = AppIcon;
				CODE_SIGN_STYLE = Automatic;
				CURRENT_PROJECT_VERSION = 3;
				DEVELOPMENT_TEAM = 2BF6XWF3PY;
				IBSC_MODULE = WatchGarageDoor_WatchKit_Extension;
				INFOPLIST_FILE = "WatchGarageDoor WatchKit App/Info.plist";
				LD_RUNPATH_SEARCH_PATHS = (
					"$(inherited)",
					"@executable_path/Frameworks",
				);
				MARKETING_VERSION = 1.1.0;
				PRODUCT_BUNDLE_IDENTIFIER = com.mgsoy.WatchGarageDoor.watchkitapp;
				PRODUCT_NAME = "$(TARGET_NAME)";
				SDKROOT = watchos;
				SKIP_INSTALL = YES;
				SWIFT_VERSION = 5.0;
				TARGETED_DEVICE_FAMILY = 4;
				WATCHOS_DEPLOYMENT_TARGET = 7.0;
			};
			name = Debug;
		};
		84A5444C247BBEF10029AA02 /* Release */ = {
			isa = XCBuildConfiguration;
			buildSettings = {
				ALWAYS_EMBED_SWIFT_STANDARD_LIBRARIES = YES;
				ASSETCATALOG_COMPILER_APPICON_NAME = AppIcon;
				CODE_SIGN_STYLE = Automatic;
				CURRENT_PROJECT_VERSION = 3;
				DEVELOPMENT_TEAM = 2BF6XWF3PY;
				IBSC_MODULE = WatchGarageDoor_WatchKit_Extension;
				INFOPLIST_FILE = "WatchGarageDoor WatchKit App/Info.plist";
				LD_RUNPATH_SEARCH_PATHS = (
					"$(inherited)",
					"@executable_path/Frameworks",
				);
				MARKETING_VERSION = 1.1.0;
				PRODUCT_BUNDLE_IDENTIFIER = com.mgsoy.WatchGarageDoor.watchkitapp;
				PRODUCT_NAME = "$(TARGET_NAME)";
				SDKROOT = watchos;
				SKIP_INSTALL = YES;
				SWIFT_VERSION = 5.0;
				TARGETED_DEVICE_FAMILY = 4;
				WATCHOS_DEPLOYMENT_TARGET = 7.0;
			};
			name = Release;
		};
		84A5444F247BBEF10029AA02 /* Debug */ = {
			isa = XCBuildConfiguration;
			buildSettings = {
				CODE_SIGN_STYLE = Automatic;
				CURRENT_PROJECT_VERSION = 3;
				DEVELOPMENT_TEAM = 2BF6XWF3PY;
				MARKETING_VERSION = 1.1.0;
				PRODUCT_BUNDLE_IDENTIFIER = com.mgsoy.WatchGarageDoor;
				PRODUCT_NAME = "$(TARGET_NAME)";
				SWIFT_VERSION = 5.0;
			};
			name = Debug;
		};
		84A54450247BBEF10029AA02 /* Release */ = {
			isa = XCBuildConfiguration;
			buildSettings = {
				CODE_SIGN_STYLE = Automatic;
				CURRENT_PROJECT_VERSION = 3;
				DEVELOPMENT_TEAM = 2BF6XWF3PY;
				MARKETING_VERSION = 1.1.0;
				PRODUCT_BUNDLE_IDENTIFIER = com.mgsoy.WatchGarageDoor;
				PRODUCT_NAME = "$(TARGET_NAME)";
				SWIFT_VERSION = 5.0;
			};
			name = Release;
		};
/* End XCBuildConfiguration section */

/* Begin XCConfigurationList section */
		84A54418247BBEF00029AA02 /* Build configuration list for PBXProject "WatchGarageDoor" */ = {
			isa = XCConfigurationList;
			buildConfigurations = (
				84A54444247BBEF10029AA02 /* Debug */,
				84A54445247BBEF10029AA02 /* Release */,
			);
			defaultConfigurationIsVisible = 0;
			defaultConfigurationName = Release;
		};
		84A54446247BBEF10029AA02 /* Build configuration list for PBXNativeTarget "WatchGarageDoor WatchKit Extension" */ = {
			isa = XCConfigurationList;
			buildConfigurations = (
				84A54447247BBEF10029AA02 /* Debug */,
				84A54448247BBEF10029AA02 /* Release */,
			);
			defaultConfigurationIsVisible = 0;
			defaultConfigurationName = Release;
		};
		84A5444A247BBEF10029AA02 /* Build configuration list for PBXNativeTarget "WatchGarageDoor WatchKit App" */ = {
			isa = XCConfigurationList;
			buildConfigurations = (
				84A5444B247BBEF10029AA02 /* Debug */,
				84A5444C247BBEF10029AA02 /* Release */,
			);
			defaultConfigurationIsVisible = 0;
			defaultConfigurationName = Release;
		};
		84A5444E247BBEF10029AA02 /* Build configuration list for PBXNativeTarget "WatchGarageDoor" */ = {
			isa = XCConfigurationList;
			buildConfigurations = (
				84A5444F247BBEF10029AA02 /* Debug */,
				84A54450247BBEF10029AA02 /* Release */,
			);
			defaultConfigurationIsVisible = 0;
			defaultConfigurationName = Release;
		};
/* End XCConfigurationList section */

/* Begin XCSwiftPackageProductDependency section */
		84D5701A24E1299D009A49DB /* FieldValidator */ = {
			isa = XCSwiftPackageProductDependency;
			productName = FieldValidator;
		};
/* End XCSwiftPackageProductDependency section */
	};
	rootObject = 84A54415247BBEF00029AA02 /* Project object */;
}
